
Microsoft Visual Studio Solution File, Format Version 12.00
# Visual Studio Version 17
VisualStudioVersion = 17.3.32901.215
MinimumVisualStudioVersion = 10.0.40219.1
Project("{9A19103F-16F7-4668-BE54-9A1E7A4F7556}") = "StudentAdminPortalAPI", "StudentAdminPortalAPI\StudentAdminPortalAPI.csproj", "{646C79F7-5F68-4132-B8C6-BAE60A15A5B6}"
EndProject
Project("{9A19103F-16F7-4668-BE54-9A1E7A4F7556}") = "XUnitTestProject", "XUnitTestProject\XUnitTestProject.csproj", "{723906E3-B3B5-42A6-B519-3E74C893D7DA}"
EndProject
Project("{FAE04EC0-301F-11D3-BF4B-00C04F79EFBC}") = "StudentTestMock", "StudentTestMock\StudentTestMock.csproj", "{818F6A38-B667-4A92-9CCD-ACED063E537A}"
EndProject
Global
	GlobalSection(SolutionConfigurationPlatforms) = preSolution
		Debug|Any CPU = Debug|Any CPU
		Release|Any CPU = Release|Any CPU
	EndGlobalSection
	GlobalSection(ProjectConfigurationPlatforms) = postSolution
		{646C79F7-5F68-4132-B8C6-BAE60A15A5B6}.Debug|Any CPU.ActiveCfg = Debug|Any CPU
		{646C79F7-5F68-4132-B8C6-BAE60A15A5B6}.Debug|Any CPU.Build.0 = Debug|Any CPU
		{646C79F7-5F68-4132-B8C6-BAE60A15A5B6}.Release|Any CPU.ActiveCfg = Release|Any CPU
		{646C79F7-5F68-4132-B8C6-BAE60A15A5B6}.Release|Any CPU.Build.0 = Release|Any CPU
		{723906E3-B3B5-42A6-B519-3E74C893D7DA}.Debug|Any CPU.ActiveCfg = Debug|Any CPU
		{723906E3-B3B5-42A6-B519-3E74C893D7DA}.Debug|Any CPU.Build.0 = Debug|Any CPU
		{723906E3-B3B5-42A6-B519-3E74C893D7DA}.Release|Any CPU.ActiveCfg = Release|Any CPU
		{723906E3-B3B5-42A6-B519-3E74C893D7DA}.Release|Any CPU.Build.0 = Release|Any CPU
		{818F6A38-B667-4A92-9CCD-ACED063E537A}.Debug|Any CPU.ActiveCfg = Debug|Any CPU
		{818F6A38-B667-4A92-9CCD-ACED063E537A}.Debug|Any CPU.Build.0 = Debug|Any CPU
		{818F6A38-B667-4A92-9CCD-ACED063E537A}.Release|Any CPU.ActiveCfg = Release|Any CPU
		{818F6A38-B667-4A92-9CCD-ACED063E537A}.Release|Any CPU.Build.0 = Release|Any CPU
	EndGlobalSection
	GlobalSection(SolutionProperties) = preSolution
		HideSolutionNode = FALSE
	EndGlobalSection
	GlobalSection(ExtensibilityGlobals) = postSolution
		SolutionGuid = {55E88E1B-2A34-4CB3-8CD1-0D867E1EFFC4}
	EndGlobalSection
EndGlobal
